
Microsoft Visual Studio Solution File, Format Version 12.00
# Visual Studio 15
VisualStudioVersion = 15.0.27703.2000
MinimumVisualStudioVersion = 10.0.40219.1
Project("{FAE04EC0-301F-11D3-BF4B-00C04F79EFBC}") = "HelloWaelt", "HelloWaelt\HelloWaelt.csproj", "{2C049691-9E89-4F80-B143-B4B707129BAC}"
EndProject
Global
	GlobalSection(SolutionConfigurationPlatforms) = preSolution
		Debug|Any CPU = Debug|Any CPU
		Release|Any CPU = Release|Any CPU
	EndGlobalSection
	GlobalSection(ProjectConfigurationPlatforms) = postSolution
		{2C049691-9E89-4F80-B143-B4B707129BAC}.Debug|Any CPU.ActiveCfg = Debug|Any CPU
		{2C049691-9E89-4F80-B143-B4B707129BAC}.Debug|Any CPU.Build.0 = Debug|Any CPU
		{2C049691-9E89-4F80-B143-B4B707129BAC}.Release|Any CPU.ActiveCfg = Release|Any CPU
		{2C049691-9E89-4F80-B143-B4B707129BAC}.Release|Any CPU.Build.0 = Release|Any CPU
	EndGlobalSection
	GlobalSection(SolutionProperties) = preSolution
		HideSolutionNode = FALSE
	EndGlobalSection
	GlobalSection(ExtensibilityGlobals) = postSolution
		SolutionGuid = {791B9A3F-54E1-4AE9-ACB0-CCB66F2C5833}
	EndGlobalSection
EndGlobal
